
Microsoft Visual Studio Solution File, Format Version 12.00
# Visual Studio Version 16
VisualStudioVersion = 16.0.34902.97
MinimumVisualStudioVersion = 10.0.40219.1
Project("{FAE04EC0-301F-11D3-BF4B-00C04F79EFBC}") = "PtqLesson09Db", "PtqLesson09Db\PtqLesson09Db.csproj", "{CC37E83D-5D71-4D00-83E1-B3B5BD29C22C}"
EndProject
Global
	GlobalSection(SolutionConfigurationPlatforms) = preSolution
		Debug|Any CPU = Debug|Any CPU
		Release|Any CPU = Release|Any CPU
	EndGlobalSection
	GlobalSection(ProjectConfigurationPlatforms) = postSolution
		{CC37E83D-5D71-4D00-83E1-B3B5BD29C22C}.Debug|Any CPU.ActiveCfg = Debug|Any CPU
		{CC37E83D-5D71-4D00-83E1-B3B5BD29C22C}.Debug|Any CPU.Build.0 = Debug|Any CPU
		{CC37E83D-5D71-4D00-83E1-B3B5BD29C22C}.Release|Any CPU.ActiveCfg = Release|Any CPU
		{CC37E83D-5D71-4D00-83E1-B3B5BD29C22C}.Release|Any CPU.Build.0 = Release|Any CPU
	EndGlobalSection
	GlobalSection(SolutionProperties) = preSolution
		HideSolutionNode = FALSE
	EndGlobalSection
	GlobalSection(ExtensibilityGlobals) = postSolution
		SolutionGuid = {1B28D949-5A4B-4AF6-8391-F688931C17FD}
	EndGlobalSection
EndGlobal
