
Microsoft Visual Studio Solution File, Format Version 12.00
# Visual Studio Version 16
VisualStudioVersion = 16.0.34601.136
MinimumVisualStudioVersion = 10.0.40219.1
Project("{FAE04EC0-301F-11D3-BF4B-00C04F79EFBC}") = "lab01", "lab01.csproj", "{ECA16C98-7CBC-41F5-8B03-1E6BCC982911}"
EndProject
Project("{FAE04EC0-301F-11D3-BF4B-00C04F79EFBC}") = "lab01.2", "..\WebApplication1\lab01.2.csproj", "{1831D8C9-A57D-49C3-86E5-A66AC5E6B00C}"
EndProject
Global
	GlobalSection(SolutionConfigurationPlatforms) = preSolution
		Debug|Any CPU = Debug|Any CPU
		Release|Any CPU = Release|Any CPU
	EndGlobalSection
	GlobalSection(ProjectConfigurationPlatforms) = postSolution
		{ECA16C98-7CBC-41F5-8B03-1E6BCC982911}.Debug|Any CPU.ActiveCfg = Debug|Any CPU
		{ECA16C98-7CBC-41F5-8B03-1E6BCC982911}.Debug|Any CPU.Build.0 = Debug|Any CPU
		{ECA16C98-7CBC-41F5-8B03-1E6BCC982911}.Release|Any CPU.ActiveCfg = Release|Any CPU
		{ECA16C98-7CBC-41F5-8B03-1E6BCC982911}.Release|Any CPU.Build.0 = Release|Any CPU
		{1831D8C9-A57D-49C3-86E5-A66AC5E6B00C}.Debug|Any CPU.ActiveCfg = Debug|Any CPU
		{1831D8C9-A57D-49C3-86E5-A66AC5E6B00C}.Debug|Any CPU.Build.0 = Debug|Any CPU
		{1831D8C9-A57D-49C3-86E5-A66AC5E6B00C}.Release|Any CPU.ActiveCfg = Release|Any CPU
		{1831D8C9-A57D-49C3-86E5-A66AC5E6B00C}.Release|Any CPU.Build.0 = Release|Any CPU
	EndGlobalSection
	GlobalSection(SolutionProperties) = preSolution
		HideSolutionNode = FALSE
	EndGlobalSection
	GlobalSection(ExtensibilityGlobals) = postSolution
		SolutionGuid = {FF7F261D-508E-4610-90EA-A49CF299B8F2}
	EndGlobalSection
EndGlobal
