
Microsoft Visual Studio Solution File, Format Version 12.00
# Visual Studio Version 16
VisualStudioVersion = 16.0.34601.136
MinimumVisualStudioVersion = 10.0.40219.1
Project("{FAE04EC0-301F-11D3-BF4B-00C04F79EFBC}") = "lab02", "lab02.csproj", "{D4103A02-1BDE-4F92-8879-8890849984A4}"
EndProject
Project("{FAE04EC0-301F-11D3-BF4B-00C04F79EFBC}") = "lab02.2", "..\lab02.2\lab02.2.csproj", "{027A0585-8FC7-4357-AEF5-1E5019258472}"
EndProject
Global
	GlobalSection(SolutionConfigurationPlatforms) = preSolution
		Debug|Any CPU = Debug|Any CPU
		Release|Any CPU = Release|Any CPU
	EndGlobalSection
	GlobalSection(ProjectConfigurationPlatforms) = postSolution
		{D4103A02-1BDE-4F92-8879-8890849984A4}.Debug|Any CPU.ActiveCfg = Debug|Any CPU
		{D4103A02-1BDE-4F92-8879-8890849984A4}.Debug|Any CPU.Build.0 = Debug|Any CPU
		{D4103A02-1BDE-4F92-8879-8890849984A4}.Release|Any CPU.ActiveCfg = Release|Any CPU
		{D4103A02-1BDE-4F92-8879-8890849984A4}.Release|Any CPU.Build.0 = Release|Any CPU
		{027A0585-8FC7-4357-AEF5-1E5019258472}.Debug|Any CPU.ActiveCfg = Debug|Any CPU
		{027A0585-8FC7-4357-AEF5-1E5019258472}.Debug|Any CPU.Build.0 = Debug|Any CPU
		{027A0585-8FC7-4357-AEF5-1E5019258472}.Release|Any CPU.ActiveCfg = Release|Any CPU
		{027A0585-8FC7-4357-AEF5-1E5019258472}.Release|Any CPU.Build.0 = Release|Any CPU
	EndGlobalSection
	GlobalSection(SolutionProperties) = preSolution
		HideSolutionNode = FALSE
	EndGlobalSection
	GlobalSection(ExtensibilityGlobals) = postSolution
		SolutionGuid = {181ADAB7-9EB8-4C19-A971-7F19E2F9BFDF}
	EndGlobalSection
EndGlobal
